// !$*UTF8*$!
{
	archiveVersion = 1;
	classes = {
	};
	objectVersion = 51;
	objects = {

/* Begin PBXBuildFile section */
		6A73A64F1A70D1C16725FB84 /* Pods_eCommerce.framework in Frameworks */ = {isa = PBXBuildFile; fileRef = C885CF60FB65154BE67ED944 /* Pods_eCommerce.framework */; };
		A7396F5B26204678002F8C0F /* StripeService.swift in Sources */ = {isa = PBXBuildFile; fileRef = A7396F5A26204678002F8C0F /* StripeService.swift */; };
		A744F4F2261601510040C120 /* CategoryCollectionViewController.swift in Sources */ = {isa = PBXBuildFile; fileRef = A744F4F1261601510040C120 /* CategoryCollectionViewController.swift */; };
		A744F4F8261602670040C120 /* CategoryCollectionViewCell.swift in Sources */ = {isa = PBXBuildFile; fileRef = A744F4F7261602670040C120 /* CategoryCollectionViewCell.swift */; };
		A744F516261604720040C120 /* GoogleService-Info.plist in Resources */ = {isa = PBXBuildFile; fileRef = A744F515261604720040C120 /* GoogleService-Info.plist */; };
		A744F519261607410040C120 /* FirebaseCollectionReference.swift in Sources */ = {isa = PBXBuildFile; fileRef = A744F518261607410040C120 /* FirebaseCollectionReference.swift */; };
		A744F520261609290040C120 /* Category.swift in Sources */ = {isa = PBXBuildFile; fileRef = A744F51F261609290040C120 /* Category.swift */; };
		A744F54026160CA80040C120 /* Constants.swift in Sources */ = {isa = PBXBuildFile; fileRef = A744F53F26160CA80040C120 /* Constants.swift */; };
		A748F9E82603769C00B322DE /* AppDelegate.swift in Sources */ = {isa = PBXBuildFile; fileRef = A748F9E72603769C00B322DE /* AppDelegate.swift */; };
		A748F9EA2603769C00B322DE /* SceneDelegate.swift in Sources */ = {isa = PBXBuildFile; fileRef = A748F9E92603769C00B322DE /* SceneDelegate.swift */; };
		A748F9EF2603769D00B322DE /* Main.storyboard in Resources */ = {isa = PBXBuildFile; fileRef = A748F9ED2603769D00B322DE /* Main.storyboard */; };
		A748F9F12603769E00B322DE /* Assets.xcassets in Resources */ = {isa = PBXBuildFile; fileRef = A748F9F02603769E00B322DE /* Assets.xcassets */; };
		A748F9F42603769E00B322DE /* LaunchScreen.storyboard in Resources */ = {isa = PBXBuildFile; fileRef = A748F9F22603769E00B322DE /* LaunchScreen.storyboard */; };
		A754C379262065A800EDE5E5 /* CardInfoViewController.swift in Sources */ = {isa = PBXBuildFile; fileRef = A754C378262065A800EDE5E5 /* CardInfoViewController.swift */; };
		A7660D0C261CBA2A00D30987 /* ProfileTableViewController.swift in Sources */ = {isa = PBXBuildFile; fileRef = A7660D0B261CBA2A00D30987 /* ProfileTableViewController.swift */; };
		A7660D0F261D976300D30987 /* FinishRegistretionViewController.swift in Sources */ = {isa = PBXBuildFile; fileRef = A7660D0E261D976300D30987 /* FinishRegistretionViewController.swift */; };
		A7660D2F261DD05100D30987 /* EditProfileViewController.swift in Sources */ = {isa = PBXBuildFile; fileRef = A7660D2E261DD05100D30987 /* EditProfileViewController.swift */; };
		A7660D32261DEC6800D30987 /* PurchasedHistoryTableViewController.swift in Sources */ = {isa = PBXBuildFile; fileRef = A7660D31261DEC6800D30987 /* PurchasedHistoryTableViewController.swift */; };
		A7B7A06D26163FE4007CB7AA /* ItemsTableViewController.swift in Sources */ = {isa = PBXBuildFile; fileRef = A7B7A06C26163FE4007CB7AA /* ItemsTableViewController.swift */; };
		A7B7A07026170953007CB7AA /* Item.swift in Sources */ = {isa = PBXBuildFile; fileRef = A7B7A06F26170953007CB7AA /* Item.swift */; };
		A7B7A07426173206007CB7AA /* AddItemViewController.swift in Sources */ = {isa = PBXBuildFile; fileRef = A7B7A07326173206007CB7AA /* AddItemViewController.swift */; };
		A7B7A0772617569D007CB7AA /* Richability.swift in Sources */ = {isa = PBXBuildFile; fileRef = A7B7A0762617569D007CB7AA /* Richability.swift */; };
		A7B7A07A2617572D007CB7AA /* Downloader.swift in Sources */ = {isa = PBXBuildFile; fileRef = A7B7A0792617572D007CB7AA /* Downloader.swift */; };
		A7B7A07D2617BD94007CB7AA /* ItemTableViewCell.swift in Sources */ = {isa = PBXBuildFile; fileRef = A7B7A07C2617BD94007CB7AA /* ItemTableViewCell.swift */; };
		A7B7A0802617C811007CB7AA /* HelperFunctions.swift in Sources */ = {isa = PBXBuildFile; fileRef = A7B7A07F2617C810007CB7AA /* HelperFunctions.swift */; };
		A7BA109C26199BEE00E8ED73 /* WelcomeViewController.swift in Sources */ = {isa = PBXBuildFile; fileRef = A7BA109B26199BEE00E8ED73 /* WelcomeViewController.swift */; };
		A7BA10A0261A004E00E8ED73 /* User.swift in Sources */ = {isa = PBXBuildFile; fileRef = A7BA109F261A004E00E8ED73 /* User.swift */; };
		A7C0B43E261EF15800B6B0A6 /* SearchViewController.swift in Sources */ = {isa = PBXBuildFile; fileRef = A7C0B43D261EF15800B6B0A6 /* SearchViewController.swift */; };
		A7C0B442261F183E00B6B0A6 /* AlgoliaService.swift in Sources */ = {isa = PBXBuildFile; fileRef = A7C0B441261F183E00B6B0A6 /* AlgoliaService.swift */; };
		A7CD65BA261854A800DE4DA2 /* ItemViewController.swift in Sources */ = {isa = PBXBuildFile; fileRef = A7CD65B9261854A800DE4DA2 /* ItemViewController.swift */; };
		A7CD65BE2618748C00DE4DA2 /* ImageCollectionViewCell.swift in Sources */ = {isa = PBXBuildFile; fileRef = A7CD65BD2618748C00DE4DA2 /* ImageCollectionViewCell.swift */; };
		A7CD66052618C37300DE4DA2 /* Basket.swift in Sources */ = {isa = PBXBuildFile; fileRef = A7CD66042618C37300DE4DA2 /* Basket.swift */; };
		A7CD6609261901AC00DE4DA2 /* BasketViewController.swift in Sources */ = {isa = PBXBuildFile; fileRef = A7CD6608261901AC00DE4DA2 /* BasketViewController.swift */; };
/* End PBXBuildFile section */

/* Begin PBXFileReference section */
		A7396F5A26204678002F8C0F /* StripeService.swift */ = {isa = PBXFileReference; lastKnownFileType = sourcecode.swift; path = StripeService.swift; sourceTree = "<group>"; };
		A744F4F1261601510040C120 /* CategoryCollectionViewController.swift */ = {isa = PBXFileReference; lastKnownFileType = sourcecode.swift; path = CategoryCollectionViewController.swift; sourceTree = "<group>"; };
		A744F4F7261602670040C120 /* CategoryCollectionViewCell.swift */ = {isa = PBXFileReference; lastKnownFileType = sourcecode.swift; path = CategoryCollectionViewCell.swift; sourceTree = "<group>"; };
		A744F515261604720040C120 /* GoogleService-Info.plist */ = {isa = PBXFileReference; fileEncoding = 4; lastKnownFileType = text.plist.xml; path = "GoogleService-Info.plist"; sourceTree = "<group>"; };
		A744F518261607410040C120 /* FirebaseCollectionReference.swift */ = {isa = PBXFileReference; lastKnownFileType = sourcecode.swift; path = FirebaseCollectionReference.swift; sourceTree = "<group>"; };
		A744F51F261609290040C120 /* Category.swift */ = {isa = PBXFileReference; lastKnownFileType = sourcecode.swift; path = Category.swift; sourceTree = "<group>"; };
		A744F53F26160CA80040C120 /* Constants.swift */ = {isa = PBXFileReference; lastKnownFileType = sourcecode.swift; path = Constants.swift; sourceTree = "<group>"; };
		A748F9E42603769C00B322DE /* eCommerce.app */ = {isa = PBXFileReference; explicitFileType = wrapper.application; includeInIndex = 0; path = eCommerce.app; sourceTree = BUILT_PRODUCTS_DIR; };
		A748F9E72603769C00B322DE /* AppDelegate.swift */ = {isa = PBXFileReference; lastKnownFileType = sourcecode.swift; path = AppDelegate.swift; sourceTree = "<group>"; };
		A748F9E92603769C00B322DE /* SceneDelegate.swift */ = {isa = PBXFileReference; lastKnownFileType = sourcecode.swift; path = SceneDelegate.swift; sourceTree = "<group>"; };
		A748F9EE2603769D00B322DE /* Base */ = {isa = PBXFileReference; lastKnownFileType = file.storyboard; name = Base; path = Base.lproj/Main.storyboard; sourceTree = "<group>"; };
		A748F9F02603769E00B322DE /* Assets.xcassets */ = {isa = PBXFileReference; lastKnownFileType = folder.assetcatalog; path = Assets.xcassets; sourceTree = "<group>"; };
		A748F9F32603769E00B322DE /* Base */ = {isa = PBXFileReference; lastKnownFileType = file.storyboard; name = Base; path = Base.lproj/LaunchScreen.storyboard; sourceTree = "<group>"; };
		A748F9F52603769E00B322DE /* Info.plist */ = {isa = PBXFileReference; lastKnownFileType = text.plist.xml; path = Info.plist; sourceTree = "<group>"; };
		A754C378262065A800EDE5E5 /* CardInfoViewController.swift */ = {isa = PBXFileReference; lastKnownFileType = sourcecode.swift; path = CardInfoViewController.swift; sourceTree = "<group>"; };
		A7660D0B261CBA2A00D30987 /* ProfileTableViewController.swift */ = {isa = PBXFileReference; lastKnownFileType = sourcecode.swift; path = ProfileTableViewController.swift; sourceTree = "<group>"; };
		A7660D0E261D976300D30987 /* FinishRegistretionViewController.swift */ = {isa = PBXFileReference; lastKnownFileType = sourcecode.swift; path = FinishRegistretionViewController.swift; sourceTree = "<group>"; };
		A7660D2E261DD05100D30987 /* EditProfileViewController.swift */ = {isa = PBXFileReference; lastKnownFileType = sourcecode.swift; path = EditProfileViewController.swift; sourceTree = "<group>"; };
		A7660D31261DEC6800D30987 /* PurchasedHistoryTableViewController.swift */ = {isa = PBXFileReference; lastKnownFileType = sourcecode.swift; path = PurchasedHistoryTableViewController.swift; sourceTree = "<group>"; };
		A7660D34261E0DB200D30987 /* eCommerce-Bridging-Header.h */ = {isa = PBXFileReference; lastKnownFileType = sourcecode.c.h; path = "eCommerce-Bridging-Header.h"; sourceTree = "<group>"; };
		A7B7A06C26163FE4007CB7AA /* ItemsTableViewController.swift */ = {isa = PBXFileReference; lastKnownFileType = sourcecode.swift; path = ItemsTableViewController.swift; sourceTree = "<group>"; };
		A7B7A06F26170953007CB7AA /* Item.swift */ = {isa = PBXFileReference; lastKnownFileType = sourcecode.swift; path = Item.swift; sourceTree = "<group>"; };
		A7B7A07326173206007CB7AA /* AddItemViewController.swift */ = {isa = PBXFileReference; lastKnownFileType = sourcecode.swift; path = AddItemViewController.swift; sourceTree = "<group>"; };
		A7B7A0762617569D007CB7AA /* Richability.swift */ = {isa = PBXFileReference; lastKnownFileType = sourcecode.swift; path = Richability.swift; sourceTree = "<group>"; };
		A7B7A0792617572D007CB7AA /* Downloader.swift */ = {isa = PBXFileReference; lastKnownFileType = sourcecode.swift; path = Downloader.swift; sourceTree = "<group>"; };
		A7B7A07C2617BD94007CB7AA /* ItemTableViewCell.swift */ = {isa = PBXFileReference; lastKnownFileType = sourcecode.swift; path = ItemTableViewCell.swift; sourceTree = "<group>"; };
		A7B7A07F2617C810007CB7AA /* HelperFunctions.swift */ = {isa = PBXFileReference; lastKnownFileType = sourcecode.swift; path = HelperFunctions.swift; sourceTree = "<group>"; };
		A7BA109B26199BEE00E8ED73 /* WelcomeViewController.swift */ = {isa = PBXFileReference; lastKnownFileType = sourcecode.swift; path = WelcomeViewController.swift; sourceTree = "<group>"; };
		A7BA109F261A004E00E8ED73 /* User.swift */ = {isa = PBXFileReference; lastKnownFileType = sourcecode.swift; path = User.swift; sourceTree = "<group>"; };
		A7C0B43D261EF15800B6B0A6 /* SearchViewController.swift */ = {isa = PBXFileReference; lastKnownFileType = sourcecode.swift; path = SearchViewController.swift; sourceTree = "<group>"; };
		A7C0B441261F183E00B6B0A6 /* AlgoliaService.swift */ = {isa = PBXFileReference; lastKnownFileType = sourcecode.swift; path = AlgoliaService.swift; sourceTree = "<group>"; };
		A7CD65B9261854A800DE4DA2 /* ItemViewController.swift */ = {isa = PBXFileReference; lastKnownFileType = sourcecode.swift; path = ItemViewController.swift; sourceTree = "<group>"; };
		A7CD65BD2618748C00DE4DA2 /* ImageCollectionViewCell.swift */ = {isa = PBXFileReference; lastKnownFileType = sourcecode.swift; path = ImageCollectionViewCell.swift; sourceTree = "<group>"; };
		A7CD66042618C37300DE4DA2 /* Basket.swift */ = {isa = PBXFileReference; lastKnownFileType = sourcecode.swift; path = Basket.swift; sourceTree = "<group>"; };
		A7CD6608261901AC00DE4DA2 /* BasketViewController.swift */ = {isa = PBXFileReference; lastKnownFileType = sourcecode.swift; path = BasketViewController.swift; sourceTree = "<group>"; };
		C49D55C51241B564F1AB1E14 /* Pods-eCommerce.release.xcconfig */ = {isa = PBXFileReference; includeInIndex = 1; lastKnownFileType = text.xcconfig; name = "Pods-eCommerce.release.xcconfig"; path = "Target Support Files/Pods-eCommerce/Pods-eCommerce.release.xcconfig"; sourceTree = "<group>"; };
		C885CF60FB65154BE67ED944 /* Pods_eCommerce.framework */ = {isa = PBXFileReference; explicitFileType = wrapper.framework; includeInIndex = 0; path = Pods_eCommerce.framework; sourceTree = BUILT_PRODUCTS_DIR; };
		DF60F82737622BC21DA96C44 /* Pods-eCommerce.debug.xcconfig */ = {isa = PBXFileReference; includeInIndex = 1; lastKnownFileType = text.xcconfig; name = "Pods-eCommerce.debug.xcconfig"; path = "Target Support Files/Pods-eCommerce/Pods-eCommerce.debug.xcconfig"; sourceTree = "<group>"; };
/* End PBXFileReference section */

/* Begin PBXFrameworksBuildPhase section */
		A748F9E12603769C00B322DE /* Frameworks */ = {
			isa = PBXFrameworksBuildPhase;
			buildActionMask = 2147483647;
			files = (
				6A73A64F1A70D1C16725FB84 /* Pods_eCommerce.framework in Frameworks */,
			);
			runOnlyForDeploymentPostprocessing = 0;
		};
/* End PBXFrameworksBuildPhase section */

/* Begin PBXGroup section */
		0A3A29FAFB8D71BDC3CBFCB7 /* Frameworks */ = {
			isa = PBXGroup;
			children = (
				C885CF60FB65154BE67ED944 /* Pods_eCommerce.framework */,
			);
			name = Frameworks;
			sourceTree = "<group>";
		};
		A744F4F4261601580040C120 /* Main Views */ = {
			isa = PBXGroup;
			children = (
				A744F4F1261601510040C120 /* CategoryCollectionViewController.swift */,
				A7B7A06C26163FE4007CB7AA /* ItemsTableViewController.swift */,
				A7B7A07326173206007CB7AA /* AddItemViewController.swift */,
				A7CD65B9261854A800DE4DA2 /* ItemViewController.swift */,
				A7CD6608261901AC00DE4DA2 /* BasketViewController.swift */,
				A7BA109B26199BEE00E8ED73 /* WelcomeViewController.swift */,
				A7C0B43D261EF15800B6B0A6 /* SearchViewController.swift */,
				A7660D2C261DD03000D30987 /* Login View */,
				A7660D0E261D976300D30987 /* FinishRegistretionViewController.swift */,
				A7660D34261E0DB200D30987 /* eCommerce-Bridging-Header.h */,
			);
			path = "Main Views";
			sourceTree = "<group>";
		};
		A744F4F6261602280040C120 /* CustomCells */ = {
			isa = PBXGroup;
			children = (
				A744F4F7261602670040C120 /* CategoryCollectionViewCell.swift */,
				A7B7A07C2617BD94007CB7AA /* ItemTableViewCell.swift */,
				A7CD65BD2618748C00DE4DA2 /* ImageCollectionViewCell.swift */,
			);
			path = CustomCells;
			sourceTree = "<group>";
		};
		A744F51B261608B10040C120 /* Helpers */ = {
			isa = PBXGroup;
			children = (
				A744F518261607410040C120 /* FirebaseCollectionReference.swift */,
				A744F53F26160CA80040C120 /* Constants.swift */,
				A7B7A0762617569D007CB7AA /* Richability.swift */,
				A7B7A0792617572D007CB7AA /* Downloader.swift */,
				A7B7A07F2617C810007CB7AA /* HelperFunctions.swift */,
			);
			path = Helpers;
			sourceTree = "<group>";
		};
		A744F5222616093C0040C120 /* Model */ = {
			isa = PBXGroup;
			children = (
				A744F51F261609290040C120 /* Category.swift */,
				A7B7A06F26170953007CB7AA /* Item.swift */,
				A7CD66042618C37300DE4DA2 /* Basket.swift */,
				A7BA109F261A004E00E8ED73 /* User.swift */,
				A7C0B441261F183E00B6B0A6 /* AlgoliaService.swift */,
				A7396F5A26204678002F8C0F /* StripeService.swift */,
			);
			path = Model;
			sourceTree = "<group>";
		};
		A748F9DB2603769C00B322DE = {
			isa = PBXGroup;
			children = (
				A748F9E62603769C00B322DE /* eCommerce */,
				A748F9E52603769C00B322DE /* Products */,
				DDF2E6DFE4C8093A65C601F5 /* Pods */,
				0A3A29FAFB8D71BDC3CBFCB7 /* Frameworks */,
			);
			sourceTree = "<group>";
		};
		A748F9E52603769C00B322DE /* Products */ = {
			isa = PBXGroup;
			children = (
				A748F9E42603769C00B322DE /* eCommerce.app */,
			);
			name = Products;
			sourceTree = "<group>";
		};
		A748F9E62603769C00B322DE /* eCommerce */ = {
			isa = PBXGroup;
			children = (
				A744F4F4261601580040C120 /* Main Views */,
				A744F4F6261602280040C120 /* CustomCells */,
				A744F5222616093C0040C120 /* Model */,
				A744F51B261608B10040C120 /* Helpers */,
				A748F9E72603769C00B322DE /* AppDelegate.swift */,
				A748F9E92603769C00B322DE /* SceneDelegate.swift */,
				A748F9ED2603769D00B322DE /* Main.storyboard */,
				A748F9F02603769E00B322DE /* Assets.xcassets */,
				A748F9F22603769E00B322DE /* LaunchScreen.storyboard */,
				A748F9F52603769E00B322DE /* Info.plist */,
				A744F515261604720040C120 /* GoogleService-Info.plist */,
			);
			path = eCommerce;
			sourceTree = "<group>";
		};
		A7660D2C261DD03000D30987 /* Login View */ = {
			isa = PBXGroup;
			children = (
				A7660D0B261CBA2A00D30987 /* ProfileTableViewController.swift */,
				A7660D2E261DD05100D30987 /* EditProfileViewController.swift */,
				A7660D31261DEC6800D30987 /* PurchasedHistoryTableViewController.swift */,
				A754C378262065A800EDE5E5 /* CardInfoViewController.swift */,
			);
			path = "Login View";
			sourceTree = "<group>";
		};
		DDF2E6DFE4C8093A65C601F5 /* Pods */ = {
			isa = PBXGroup;
			children = (
				DF60F82737622BC21DA96C44 /* Pods-eCommerce.debug.xcconfig */,
				C49D55C51241B564F1AB1E14 /* Pods-eCommerce.release.xcconfig */,
			);
			path = Pods;
			sourceTree = "<group>";
		};
/* End PBXGroup section */

/* Begin PBXNativeTarget section */
		A748F9E32603769C00B322DE /* eCommerce */ = {
			isa = PBXNativeTarget;
			buildConfigurationList = A748F9F82603769E00B322DE /* Build configuration list for PBXNativeTarget "eCommerce" */;
			buildPhases = (
				F6CF301CE056086B46F00DD0 /* [CP] Check Pods Manifest.lock */,
				A748F9E02603769C00B322DE /* Sources */,
				A748F9E12603769C00B322DE /* Frameworks */,
				A748F9E22603769C00B322DE /* Resources */,
				1DD6ACBF90A8E39C124027D3 /* [CP] Embed Pods Frameworks */,
			);
			buildRules = (
			);
			dependencies = (
			);
			name = eCommerce;
			productName = eCommerce;
			productReference = A748F9E42603769C00B322DE /* eCommerce.app */;
			productType = "com.apple.product-type.application";
		};
/* End PBXNativeTarget section */

/* Begin PBXProject section */
		A748F9DC2603769C00B322DE /* Project object */ = {
			isa = PBXProject;
			attributes = {
				LastSwiftUpdateCheck = 1230;
				LastUpgradeCheck = 1230;
				TargetAttributes = {
					A748F9E32603769C00B322DE = {
						CreatedOnToolsVersion = 12.3;
						LastSwiftMigration = 1230;
					};
				};
			};
			buildConfigurationList = A748F9DF2603769C00B322DE /* Build configuration list for PBXProject "eCommerce" */;
			compatibilityVersion = "Xcode 9.3";
			developmentRegion = en;
			hasScannedForEncodings = 0;
			knownRegions = (
				en,
				Base,
			);
			mainGroup = A748F9DB2603769C00B322DE;
			productRefGroup = A748F9E52603769C00B322DE /* Products */;
			projectDirPath = "";
			projectRoot = "";
			targets = (
				A748F9E32603769C00B322DE /* eCommerce */,
			);
		};
/* End PBXProject section */

/* Begin PBXResourcesBuildPhase section */
		A748F9E22603769C00B322DE /* Resources */ = {
			isa = PBXResourcesBuildPhase;
			buildActionMask = 2147483647;
			files = (
				A748F9F42603769E00B322DE /* LaunchScreen.storyboard in Resources */,
				A744F516261604720040C120 /* GoogleService-Info.plist in Resources */,
				A748F9F12603769E00B322DE /* Assets.xcassets in Resources */,
				A748F9EF2603769D00B322DE /* Main.storyboard in Resources */,
			);
			runOnlyForDeploymentPostprocessing = 0;
		};
/* End PBXResourcesBuildPhase section */

/* Begin PBXShellScriptBuildPhase section */
		1DD6ACBF90A8E39C124027D3 /* [CP] Embed Pods Frameworks */ = {
			isa = PBXShellScriptBuildPhase;
			buildActionMask = 2147483647;
			files = (
			);
			inputFileListPaths = (
				"${PODS_ROOT}/Target Support Files/Pods-eCommerce/Pods-eCommerce-frameworks-${CONFIGURATION}-input-files.xcfilelist",
			);
			name = "[CP] Embed Pods Frameworks";
			outputFileListPaths = (
				"${PODS_ROOT}/Target Support Files/Pods-eCommerce/Pods-eCommerce-frameworks-${CONFIGURATION}-output-files.xcfilelist",
			);
			runOnlyForDeploymentPostprocessing = 0;
			shellPath = /bin/sh;
			shellScript = "\"${PODS_ROOT}/Target Support Files/Pods-eCommerce/Pods-eCommerce-frameworks.sh\"\n";
			showEnvVarsInLog = 0;
		};
		F6CF301CE056086B46F00DD0 /* [CP] Check Pods Manifest.lock */ = {
			isa = PBXShellScriptBuildPhase;
			buildActionMask = 2147483647;
			files = (
			);
			inputFileListPaths = (
			);
			inputPaths = (
				"${PODS_PODFILE_DIR_PATH}/Podfile.lock",
				"${PODS_ROOT}/Manifest.lock",
			);
			name = "[CP] Check Pods Manifest.lock";
			outputFileListPaths = (
			);
			outputPaths = (
				"$(DERIVED_FILE_DIR)/Pods-eCommerce-checkManifestLockResult.txt",
			);
			runOnlyForDeploymentPostprocessing = 0;
			shellPath = /bin/sh;
			shellScript = "diff \"${PODS_PODFILE_DIR_PATH}/Podfile.lock\" \"${PODS_ROOT}/Manifest.lock\" > /dev/null\nif [ $? != 0 ] ; then\n    # print error to STDERR\n    echo \"error: The sandbox is not in sync with the Podfile.lock. Run 'pod install' or update your CocoaPods installation.\" >&2\n    exit 1\nfi\n# This output is used by Xcode 'outputs' to avoid re-running this script phase.\necho \"SUCCESS\" > \"${SCRIPT_OUTPUT_FILE_0}\"\n";
			showEnvVarsInLog = 0;
		};
/* End PBXShellScriptBuildPhase section */

/* Begin PBXSourcesBuildPhase section */
		A748F9E02603769C00B322DE /* Sources */ = {
			isa = PBXSourcesBuildPhase;
			buildActionMask = 2147483647;
			files = (
				A754C379262065A800EDE5E5 /* CardInfoViewController.swift in Sources */,
				A7660D0C261CBA2A00D30987 /* ProfileTableViewController.swift in Sources */,
				A7CD6609261901AC00DE4DA2 /* BasketViewController.swift in Sources */,
				A744F4F8261602670040C120 /* CategoryCollectionViewCell.swift in Sources */,
				A748F9E82603769C00B322DE /* AppDelegate.swift in Sources */,
				A7660D0F261D976300D30987 /* FinishRegistretionViewController.swift in Sources */,
				A7CD65BE2618748C00DE4DA2 /* ImageCollectionViewCell.swift in Sources */,
				A7CD65BA261854A800DE4DA2 /* ItemViewController.swift in Sources */,
				A7C0B442261F183E00B6B0A6 /* AlgoliaService.swift in Sources */,
				A7B7A07A2617572D007CB7AA /* Downloader.swift in Sources */,
				A7B7A06D26163FE4007CB7AA /* ItemsTableViewController.swift in Sources */,
				A744F519261607410040C120 /* FirebaseCollectionReference.swift in Sources */,
				A7660D2F261DD05100D30987 /* EditProfileViewController.swift in Sources */,
				A7BA10A0261A004E00E8ED73 /* User.swift in Sources */,
				A7660D32261DEC6800D30987 /* PurchasedHistoryTableViewController.swift in Sources */,
				A7B7A07026170953007CB7AA /* Item.swift in Sources */,
				A7B7A07D2617BD94007CB7AA /* ItemTableViewCell.swift in Sources */,
				A7C0B43E261EF15800B6B0A6 /* SearchViewController.swift in Sources */,
				A7B7A0802617C811007CB7AA /* HelperFunctions.swift in Sources */,
				A7B7A07426173206007CB7AA /* AddItemViewController.swift in Sources */,
				A748F9EA2603769C00B322DE /* SceneDelegate.swift in Sources */,
				A7CD66052618C37300DE4DA2 /* Basket.swift in Sources */,
				A744F54026160CA80040C120 /* Constants.swift in Sources */,
				A7396F5B26204678002F8C0F /* StripeService.swift in Sources */,
				A7B7A0772617569D007CB7AA /* Richability.swift in Sources */,
				A744F4F2261601510040C120 /* CategoryCollectionViewController.swift in Sources */,
				A744F520261609290040C120 /* Category.swift in Sources */,
				A7BA109C26199BEE00E8ED73 /* WelcomeViewController.swift in Sources */,
			);
			runOnlyForDeploymentPostprocessing = 0;
		};
/* End PBXSourcesBuildPhase section */

/* Begin PBXVariantGroup section */
		A748F9ED2603769D00B322DE /* Main.storyboard */ = {
			isa = PBXVariantGroup;
			children = (
				A748F9EE2603769D00B322DE /* Base */,
			);
			name = Main.storyboard;
			sourceTree = "<group>";
		};
		A748F9F22603769E00B322DE /* LaunchScreen.storyboard */ = {
			isa = PBXVariantGroup;
			children = (
				A748F9F32603769E00B322DE /* Base */,
			);
			name = LaunchScreen.storyboard;
			sourceTree = "<group>";
		};
/* End PBXVariantGroup section */

/* Begin XCBuildConfiguration section */
		A748F9F62603769E00B322DE /* Debug */ = {
			isa = XCBuildConfiguration;
			buildSettings = {
				ALWAYS_SEARCH_USER_PATHS = NO;
				CLANG_ANALYZER_NONNULL = YES;
				CLANG_ANALYZER_NUMBER_OBJECT_CONVERSION = YES_AGGRESSIVE;
				CLANG_CXX_LANGUAGE_STANDARD = "gnu++14";
				CLANG_CXX_LIBRARY = "libc++";
				CLANG_ENABLE_MODULES = YES;
				CLANG_ENABLE_OBJC_ARC = YES;
				CLANG_ENABLE_OBJC_WEAK = YES;
				CLANG_WARN_BLOCK_CAPTURE_AUTORELEASING = YES;
				CLANG_WARN_BOOL_CONVERSION = YES;
				CLANG_WARN_COMMA = YES;
				CLANG_WARN_CONSTANT_CONVERSION = YES;
				CLANG_WARN_DEPRECATED_OBJC_IMPLEMENTATIONS = YES;
				CLANG_WARN_DIRECT_OBJC_ISA_USAGE = YES_ERROR;
				CLANG_WARN_DOCUMENTATION_COMMENTS = YES;
				CLANG_WARN_EMPTY_BODY = YES;
				CLANG_WARN_ENUM_CONVERSION = YES;
				CLANG_WARN_INFINITE_RECURSION = YES;
				CLANG_WARN_INT_CONVERSION = YES;
				CLANG_WARN_NON_LITERAL_NULL_CONVERSION = YES;
				CLANG_WARN_OBJC_IMPLICIT_RETAIN_SELF = YES;
				CLANG_WARN_OBJC_LITERAL_CONVERSION = YES;
				CLANG_WARN_OBJC_ROOT_CLASS = YES_ERROR;
				CLANG_WARN_QUOTED_INCLUDE_IN_FRAMEWORK_HEADER = YES;
				CLANG_WARN_RANGE_LOOP_ANALYSIS = YES;
				CLANG_WARN_STRICT_PROTOTYPES = YES;
				CLANG_WARN_SUSPICIOUS_MOVE = YES;
				CLANG_WARN_UNGUARDED_AVAILABILITY = YES_AGGRESSIVE;
				CLANG_WARN_UNREACHABLE_CODE = YES;
				CLANG_WARN__DUPLICATE_METHOD_MATCH = YES;
				COPY_PHASE_STRIP = NO;
				DEBUG_INFORMATION_FORMAT = dwarf;
				ENABLE_STRICT_OBJC_MSGSEND = YES;
				ENABLE_TESTABILITY = YES;
				"EXCLUDED_ARCHS[sdk=iphonesimulator*]" = arm64;
				GCC_C_LANGUAGE_STANDARD = gnu11;
				GCC_DYNAMIC_NO_PIC = NO;
				GCC_NO_COMMON_BLOCKS = YES;
				GCC_OPTIMIZATION_LEVEL = 0;
				GCC_PREPROCESSOR_DEFINITIONS = (
					"DEBUG=1",
					"$(inherited)",
				);
				GCC_WARN_64_TO_32_BIT_CONVERSION = YES;
				GCC_WARN_ABOUT_RETURN_TYPE = YES_ERROR;
				GCC_WARN_UNDECLARED_SELECTOR = YES;
				GCC_WARN_UNINITIALIZED_AUTOS = YES_AGGRESSIVE;
				GCC_WARN_UNUSED_FUNCTION = YES;
				GCC_WARN_UNUSED_VARIABLE = YES;
				IPHONEOS_DEPLOYMENT_TARGET = 14.3;
				MTL_ENABLE_DEBUG_INFO = INCLUDE_SOURCE;
				MTL_FAST_MATH = YES;
				ONLY_ACTIVE_ARCH = YES;
				SDKROOT = iphoneos;
				SWIFT_ACTIVE_COMPILATION_CONDITIONS = DEBUG;
				SWIFT_OPTIMIZATION_LEVEL = "-Onone";
			};
			name = Debug;
		};
		A748F9F72603769E00B322DE /* Release */ = {
			isa = XCBuildConfiguration;
			buildSettings = {
				ALWAYS_SEARCH_USER_PATHS = NO;
				CLANG_ANALYZER_NONNULL = YES;
				CLANG_ANALYZER_NUMBER_OBJECT_CONVERSION = YES_AGGRESSIVE;
				CLANG_CXX_LANGUAGE_STANDARD = "gnu++14";
				CLANG_CXX_LIBRARY = "libc++";
				CLANG_ENABLE_MODULES = YES;
				CLANG_ENABLE_OBJC_ARC = YES;
				CLANG_ENABLE_OBJC_WEAK = YES;
				CLANG_WARN_BLOCK_CAPTURE_AUTORELEASING = YES;
				CLANG_WARN_BOOL_CONVERSION = YES;
				CLANG_WARN_COMMA = YES;
				CLANG_WARN_CONSTANT_CONVERSION = YES;
				CLANG_WARN_DEPRECATED_OBJC_IMPLEMENTATIONS = YES;
				CLANG_WARN_DIRECT_OBJC_ISA_USAGE = YES_ERROR;
				CLANG_WARN_DOCUMENTATION_COMMENTS = YES;
				CLANG_WARN_EMPTY_BODY = YES;
				CLANG_WARN_ENUM_CONVERSION = YES;
				CLANG_WARN_INFINITE_RECURSION = YES;
				CLANG_WARN_INT_CONVERSION = YES;
				CLANG_WARN_NON_LITERAL_NULL_CONVERSION = YES;
				CLANG_WARN_OBJC_IMPLICIT_RETAIN_SELF = YES;
				CLANG_WARN_OBJC_LITERAL_CONVERSION = YES;
				CLANG_WARN_OBJC_ROOT_CLASS = YES_ERROR;
				CLANG_WARN_QUOTED_INCLUDE_IN_FRAMEWORK_HEADER = YES;
				CLANG_WARN_RANGE_LOOP_ANALYSIS = YES;
				CLANG_WARN_STRICT_PROTOTYPES = YES;
				CLANG_WARN_SUSPICIOUS_MOVE = YES;
				CLANG_WARN_UNGUARDED_AVAILABILITY = YES_AGGRESSIVE;
				CLANG_WARN_UNREACHABLE_CODE = YES;
				CLANG_WARN__DUPLICATE_METHOD_MATCH = YES;
				COPY_PHASE_STRIP = NO;
				DEBUG_INFORMATION_FORMAT = "dwarf-with-dsym";
				ENABLE_NS_ASSERTIONS = NO;
				ENABLE_STRICT_OBJC_MSGSEND = YES;
				"EXCLUDED_ARCHS[sdk=iphonesimulator*]" = arm64;
				GCC_C_LANGUAGE_STANDARD = gnu11;
				GCC_NO_COMMON_BLOCKS = YES;
				GCC_WARN_64_TO_32_BIT_CONVERSION = YES;
				GCC_WARN_ABOUT_RETURN_TYPE = YES_ERROR;
				GCC_WARN_UNDECLARED_SELECTOR = YES;
				GCC_WARN_UNINITIALIZED_AUTOS = YES_AGGRESSIVE;
				GCC_WARN_UNUSED_FUNCTION = YES;
				GCC_WARN_UNUSED_VARIABLE = YES;
				IPHONEOS_DEPLOYMENT_TARGET = 14.3;
				MTL_ENABLE_DEBUG_INFO = NO;
				MTL_FAST_MATH = YES;
				SDKROOT = iphoneos;
				SWIFT_COMPILATION_MODE = wholemodule;
				SWIFT_OPTIMIZATION_LEVEL = "-O";
				VALIDATE_PRODUCT = YES;
			};
			name = Release;
		};
		A748F9F92603769E00B322DE /* Debug */ = {
			isa = XCBuildConfiguration;
			baseConfigurationReference = DF60F82737622BC21DA96C44 /* Pods-eCommerce.debug.xcconfig */;
			buildSettings = {
				ASSETCATALOG_COMPILER_APPICON_NAME = AppIcon;
				ASSETCATALOG_COMPILER_GLOBAL_ACCENT_COLOR_NAME = AccentColor;
				CLANG_ENABLE_MODULES = YES;
				CODE_SIGN_STYLE = Automatic;
				DEVELOPMENT_TEAM = GGA73G37Y2;
				"EXCLUDED_ARCHS[sdk=iphonesimulator*]" = arm64;
				INFOPLIST_FILE = eCommerce/Info.plist;
				LD_RUNPATH_SEARCH_PATHS = (
					"$(inherited)",
					"@executable_path/Frameworks",
				);
				PRODUCT_BUNDLE_IDENTIFIER = co.ackdevelepment.eCommerce;
				PRODUCT_NAME = "$(TARGET_NAME)";
				SWIFT_OBJC_BRIDGING_HEADER = "eCommerce/Main Views/eCommerce-Bridging-Header.h";
				SWIFT_OPTIMIZATION_LEVEL = "-Onone";
				SWIFT_VERSION = 5.0;
				TARGETED_DEVICE_FAMILY = "1,2";
			};
			name = Debug;
		};
		A748F9FA2603769E00B322DE /* Release */ = {
			isa = XCBuildConfiguration;
			baseConfigurationReference = C49D55C51241B564F1AB1E14 /* Pods-eCommerce.release.xcconfig */;
			buildSettings = {
				ASSETCATALOG_COMPILER_APPICON_NAME = AppIcon;
				ASSETCATALOG_COMPILER_GLOBAL_ACCENT_COLOR_NAME = AccentColor;
				CLANG_ENABLE_MODULES = YES;
				CODE_SIGN_STYLE = Automatic;
				DEVELOPMENT_TEAM = GGA73G37Y2;
				"EXCLUDED_ARCHS[sdk=iphonesimulator*]" = arm64;
				INFOPLIST_FILE = eCommerce/Info.plist;
				LD_RUNPATH_SEARCH_PATHS = (
					"$(inherited)",
					"@executable_path/Frameworks",
				);
				PRODUCT_BUNDLE_IDENTIFIER = co.ackdevelepment.eCommerce;
				PRODUCT_NAME = "$(TARGET_NAME)";
				SWIFT_OBJC_BRIDGING_HEADER = "eCommerce/Main Views/eCommerce-Bridging-Header.h";
				SWIFT_VERSION = 5.0;
				TARGETED_DEVICE_FAMILY = "1,2";
			};
			name = Release;
		};
/* End XCBuildConfiguration section */

/* Begin XCConfigurationList section */
		A748F9DF2603769C00B322DE /* Build configuration list for PBXProject "eCommerce" */ = {
			isa = XCConfigurationList;
			buildConfigurations = (
				A748F9F62603769E00B322DE /* Debug */,
				A748F9F72603769E00B322DE /* Release */,
			);
			defaultConfigurationIsVisible = 0;
			defaultConfigurationName = Release;
		};
		A748F9F82603769E00B322DE /* Build configuration list for PBXNativeTarget "eCommerce" */ = {
			isa = XCConfigurationList;
			buildConfigurations = (
				A748F9F92603769E00B322DE /* Debug */,
				A748F9FA2603769E00B322DE /* Release */,
			);
			defaultConfigurationIsVisible = 0;
			defaultConfigurationName = Release;
		};
/* End XCConfigurationList section */
	};
	rootObject = A748F9DC2603769C00B322DE /* Project object */;
}
